
Microsoft Visual Studio Solution File, Format Version 12.00
# Visual Studio Version 16
VisualStudioVersion = 16.0.30717.126
MinimumVisualStudioVersion = 10.0.40219.1
Project("{FAE04EC0-301F-11D3-BF4B-00C04F79EFBC}") = "SpendingControl.API", "SpendingControl.API\SpendingControl.API.csproj", "{16E176EA-E000-4543-B62E-2FD9C28A9357}"
EndProject
Global
	GlobalSection(SolutionConfigurationPlatforms) = preSolution
		Debug|Any CPU = Debug|Any CPU
		Release|Any CPU = Release|Any CPU
	EndGlobalSection
	GlobalSection(ProjectConfigurationPlatforms) = postSolution
		{16E176EA-E000-4543-B62E-2FD9C28A9357}.Debug|Any CPU.ActiveCfg = Debug|Any CPU
		{16E176EA-E000-4543-B62E-2FD9C28A9357}.Debug|Any CPU.Build.0 = Debug|Any CPU
		{16E176EA-E000-4543-B62E-2FD9C28A9357}.Release|Any CPU.ActiveCfg = Release|Any CPU
		{16E176EA-E000-4543-B62E-2FD9C28A9357}.Release|Any CPU.Build.0 = Release|Any CPU
	EndGlobalSection
	GlobalSection(SolutionProperties) = preSolution
		HideSolutionNode = FALSE
	EndGlobalSection
	GlobalSection(ExtensibilityGlobals) = postSolution
		SolutionGuid = {4C11821C-3526-44CB-8F2A-C47FEB1AFD6C}
	EndGlobalSection
EndGlobal
